<Solution>
  <Folder Name="/src/">
    <Project Path="src/M0LTE.Flex/M0LTE.Flex.csproj" />
  </Folder>
  <Folder Name="/tests/">
    <Project Path="tests/M0LTE.Flex.Tests/M0LTE.Flex.Tests.csproj" />
    <Project Path="tests/M0LTE.Flex.Tools.Tests/M0LTE.Flex.Tools.Tests.csproj" />
  </Folder>
  <Folder Name="/tools/">
    <Project Path="tools/FlexDaxTx/FlexDaxTx.csproj" />
    <Project Path="tools/FlexIqGen/FlexIqGen.csproj" />
    <Project Path="tools/FlexIqPaint/FlexIqPaint.csproj" />
    <Project Path="tools/FlexIqNoise/FlexIqNoise.csproj" />
    <Project Path="tools/FlexIqTx/FlexIqTx.csproj" />
  </Folder>
</Solution>
